{
  "version": "4",
  "redirects": {
    "https://esm.sh/@supabase/gotrue-js@^1.22.0?target=denonext": "https://esm.sh/@supabase/gotrue-js@1.24.0?target=denonext",
    "https://esm.sh/@supabase/postgrest-js@^0.36.0?target=denonext": "https://esm.sh/@supabase/postgrest-js@0.36.2?target=denonext",
    "https://esm.sh/@supabase/realtime-js@^1.3.5?target=denonext": "https://esm.sh/@supabase/realtime-js@1.7.5?target=denonext",
    "https://esm.sh/@supabase/storage-js@^1.5.1?target=denonext": "https://esm.sh/@supabase/storage-js@1.7.3?target=denonext",
    "https://esm.sh/@types/is-typedarray@~1.0.2/index.d.ts": "https://esm.sh/@types/is-typedarray@1.0.2/index.d.ts",
    "https://esm.sh/@types/utf-8-validate@~5.0.2/index.d.ts": "https://esm.sh/@types/utf-8-validate@5.0.2/index.d.ts",
    "https://esm.sh/@types/websocket@~1.0.10/index.d.ts": "https://esm.sh/@types/websocket@1.0.10/index.d.ts",
    "https://esm.sh/bufferutil@^4.0.1?target=denonext": "https://esm.sh/bufferutil@4.0.9?target=denonext",
    "https://esm.sh/debug@^2.2.0?target=denonext": "https://esm.sh/debug@2.6.9?target=denonext",
    "https://esm.sh/is-typedarray@^1.0.0?target=denonext": "https://esm.sh/is-typedarray@1.0.0?target=denonext",
    "https://esm.sh/node-gyp-build@^4.3.0?target=denonext": "https://esm.sh/node-gyp-build@4.8.4?target=denonext",
    "https://esm.sh/typedarray-to-buffer@^3.1.5?target=denonext": "https://esm.sh/typedarray-to-buffer@3.1.5?target=denonext",
    "https://esm.sh/utf-8-validate@^5.0.2?target=denonext": "https://esm.sh/utf-8-validate@5.0.10?target=denonext",
    "https://esm.sh/websocket@^1.0.34?target=denonext": "https://esm.sh/websocket@1.0.35?target=denonext",
    "https://esm.sh/yaeti@^0.0.6?target=denonext": "https://esm.sh/yaeti@0.0.6?target=denonext"
  },
  "remote": {
    "https://esm.sh/@supabase/gotrue-js@1.24.0/denonext/gotrue-js.mjs": "6e8cf8658db93d7d4629c59c2f3f720150a293f302c13416733a8a18017ac50a",
    "https://esm.sh/@supabase/gotrue-js@1.24.0?target=denonext": "7b169a7c3c5c2153ed086a56730f5de8fc9d449557425b1c2c00b3d3b15fed31",
    "https://esm.sh/@supabase/postgrest-js@0.36.2/denonext/postgrest-js.mjs": "d533ca4ebe74f446d48ebeaab731f5db02d51e582d57d7fc9d49589f4cb0eb56",
    "https://esm.sh/@supabase/postgrest-js@0.36.2?target=denonext": "d289a1ca898cd993a8503dd59157fcfffc4ddd84443d957d4f9ea90f1a5e5a5b",
    "https://esm.sh/@supabase/realtime-js@1.7.5/denonext/realtime-js.mjs": "1933f27cb1b8ff6397062277685c234b036ce74389a097dbda8077be476af01d",
    "https://esm.sh/@supabase/realtime-js@1.7.5?target=denonext": "ad558a792a58d5047e11b9f6887017af1012ad2e7b81fb04707436a4c03cb74e",
    "https://esm.sh/@supabase/storage-js@1.7.3/denonext/storage-js.mjs": "451caf99f0126680af56a9e9e89ebedd308a82adba7ea222a5b215d0bafbbfc6",
    "https://esm.sh/@supabase/storage-js@1.7.3?target=denonext": "19d7db67bb09d288036ddd7df3ed886e5cbdd9b0acbc463ea4090699bc8a9a74",
    "https://esm.sh/@supabase/supabase-js@1.30.0": "25bd0335cb7443457bd47586d390dc5ea0d633faa1ccaa37c0f67b3df9309b5a",
    "https://esm.sh/@supabase/supabase-js@1.30.0/denonext/supabase-js.mjs": "ab703618fd65e84f8a17b66280b33eaab04556e73fed6ff704bb8c3bbc154bd4",
    "https://esm.sh/bufferutil@4.0.9/denonext/bufferutil.mjs": "13dca4d5bb2c68cbe119f880fa3bd785b9a81a8e02e0834dae604b4b85295cd8",
    "https://esm.sh/bufferutil@4.0.9?target=denonext": "e32574569ab438facfcc3f412c659b0719bbf05477136ca176938c9a3ac45125",
    "https://esm.sh/debug@2.6.9/denonext/debug.mjs": "de9f8ad5294dd8fecae71f3c76cb5f51df7f9e57846af8e475a75b7ecdc8a781",
    "https://esm.sh/debug@2.6.9?target=denonext": "b8be70bd03447ffae2bb53b0531e182942452fbebf7834c4348a94aabd4616d9",
    "https://esm.sh/is-typedarray@1.0.0/denonext/is-typedarray.mjs": "09bd9bfe18911861fd76801998528f0643e4b3e2b296af1ebb29a542b424fa38",
    "https://esm.sh/is-typedarray@1.0.0?target=denonext": "98762bc10e5c3c1018c3352359a405ed788273018369779779f5d0dfc77441ae",
    "https://esm.sh/ms@2.0.0/denonext/ms.mjs": "84d53e0bf4a7b1509e670058442fdcbc36a98920bea62f16f632ae09021ac556",
    "https://esm.sh/node-gyp-build@4.8.4/denonext/node-gyp-build.mjs": "9a86f2d044fc77bd60aaa3d697c2ba1b818da5fb1b9aaeedec59a40b8e908803",
    "https://esm.sh/node-gyp-build@4.8.4?target=denonext": "261a6cedf1fdbf159798141ba1e2311ac1510682c5c8b55dacc8cf5fdee4aa06",
    "https://esm.sh/typedarray-to-buffer@3.1.5/denonext/typedarray-to-buffer.mjs": "3bd08aefda86e176a8325cc28772040ca89cb0a7ed32476dccec6529e808068d",
    "https://esm.sh/typedarray-to-buffer@3.1.5?target=denonext": "9a3f7126958e7dd38766725f6da8cbc88fa0fd87df1afe75fd08a711c14aac2b",
    "https://esm.sh/utf-8-validate@5.0.10/denonext/utf-8-validate.mjs": "93ba097cf562d3ffe4b5784520cb4ddaca93d4629245439b24da5e1fefcef4b0",
    "https://esm.sh/utf-8-validate@5.0.10?target=denonext": "72aedbb87d63ccd5b140d2216531babbe0e18df7688b2b2b28b7573e3d8dcf2a",
    "https://esm.sh/websocket@1.0.35/denonext/websocket.mjs": "37f462afacfd1973128dbec9b2abacad49c6118f4c365e2a29b8ac67bea56d91",
    "https://esm.sh/websocket@1.0.35?target=denonext": "10bc3a5102a9f37714fa085aa533ecaf3c6551e90e3bb57cbf0c801c4e53b517",
    "https://esm.sh/yaeti@0.0.6/denonext/yaeti.mjs": "f2ca719cc3ada75e4c217369b066f5acb255c357e1c31a8f66e1a2db8efa6e18",
    "https://esm.sh/yaeti@0.0.6?target=denonext": "75db87a30fe7750b65aa6178efa71047b6ebdde189c32e007e1e0b028dc54bba"
  },
  "workspace": {
    "packageJson": {
      "dependencies": [
        "npm:@babel/core@^7.25.2",
        "npm:@clerk/clerk-expo@^2.7.5",
        "npm:@clerk/types@^4.45.0",
        "npm:@expo/react-native-action-sheet@^4.1.0",
        "npm:@expo/vector-icons@^14.0.2",
        "npm:@gorhom/bottom-sheet@^4.6.4",
        "npm:@react-navigation/bottom-tabs@^7.2.0",
        "npm:@react-navigation/native@^7.0.14",
        "npm:@supabase/supabase-js@^2.48.1",
        "npm:@types/base64-arraybuffer@~0.2.4",
        "npm:@types/jest@^29.5.12",
        "npm:@types/react-test-renderer@^18.3.0",
        "npm:@types/react@~18.3.12",
        "npm:base64-arraybuffer@^1.0.2",
        "npm:expo-blur@~14.0.3",
        "npm:expo-constants@~17.0.5",
        "npm:expo-dev-client@~5.0.11",
        "npm:expo-font@~13.0.3",
        "npm:expo-haptics@~14.0.1",
        "npm:expo-linking@~7.0.5",
        "npm:expo-router@~4.0.17",
        "npm:expo-secure-store@~14.0.1",
        "npm:expo-splash-screen@~0.29.21",
        "npm:expo-status-bar@~2.0.1",
        "npm:expo-symbols@~0.2.2",
        "npm:expo-system-ui@~4.0.7",
        "npm:expo-web-browser@~14.0.2",
        "npm:expo@~52.0.30",
        "npm:jest-expo@~52.0.3",
        "npm:jest@^29.2.1",
        "npm:react-dom@18.3.1",
        "npm:react-native-gesture-handler@~2.20.2",
        "npm:react-native-reanimated@~3.16.1",
        "npm:react-native-safe-area-context@4.12.0",
        "npm:react-native-screens@4.4",
        "npm:react-native-web@~0.19.13",
        "npm:react-native-webview@13.12.5",
        "npm:react-native@0.76.7",
        "npm:react-test-renderer@18.3.1",
        "npm:react@18.3.1",
        "npm:typescript@^5.3.3"
      ]
    }
  }
}
